
Microsoft Visual Studio Solution File, Format Version 12.00
# Visual Studio Version 17
VisualStudioVersion = 17.5.33530.505
MinimumVisualStudioVersion = 10.0.40219.1
Project("{FAE04EC0-301F-11D3-BF4B-00C04F79EFBC}") = "webApp", "webApp\webApp.csproj", "{8259CDAF-80BF-4A8A-AE2B-868A39610A74}"
EndProject
Global
	GlobalSection(SolutionConfigurationPlatforms) = preSolution
		Debug|Any CPU = Debug|Any CPU
		Release|Any CPU = Release|Any CPU
	EndGlobalSection
	GlobalSection(ProjectConfigurationPlatforms) = postSolution
		{8259CDAF-80BF-4A8A-AE2B-868A39610A74}.Debug|Any CPU.ActiveCfg = Debug|Any CPU
		{8259CDAF-80BF-4A8A-AE2B-868A39610A74}.Debug|Any CPU.Build.0 = Debug|Any CPU
		{8259CDAF-80BF-4A8A-AE2B-868A39610A74}.Release|Any CPU.ActiveCfg = Release|Any CPU
		{8259CDAF-80BF-4A8A-AE2B-868A39610A74}.Release|Any CPU.Build.0 = Release|Any CPU
	EndGlobalSection
	GlobalSection(SolutionProperties) = preSolution
		HideSolutionNode = FALSE
	EndGlobalSection
	GlobalSection(ExtensibilityGlobals) = postSolution
		SolutionGuid = {69BEA78E-6B92-43EF-B008-063F34AAAAB2}
	EndGlobalSection
EndGlobal
